
Microsoft Visual Studio Solution File, Format Version 12.00
# Visual Studio Version 17
VisualStudioVersion = 17.14.36518.9 d17.14
MinimumVisualStudioVersion = 10.0.40219.1
Project("{FAE04EC0-301F-11D3-BF4B-00C04F79EFBC}") = "Contenedores_de_objetos", "Contenedores_de_objetos.csproj", "{64E9AF4A-1620-4665-9551-A45CDC617A64}"
EndProject
Global
	GlobalSection(SolutionConfigurationPlatforms) = preSolution
		Debug|Any CPU = Debug|Any CPU
		Release|Any CPU = Release|Any CPU
	EndGlobalSection
	GlobalSection(ProjectConfigurationPlatforms) = postSolution
		{64E9AF4A-1620-4665-9551-A45CDC617A64}.Debug|Any CPU.ActiveCfg = Debug|Any CPU
		{64E9AF4A-1620-4665-9551-A45CDC617A64}.Debug|Any CPU.Build.0 = Debug|Any CPU
		{64E9AF4A-1620-4665-9551-A45CDC617A64}.Release|Any CPU.ActiveCfg = Release|Any CPU
		{64E9AF4A-1620-4665-9551-A45CDC617A64}.Release|Any CPU.Build.0 = Release|Any CPU
	EndGlobalSection
	GlobalSection(SolutionProperties) = preSolution
		HideSolutionNode = FALSE
	EndGlobalSection
	GlobalSection(ExtensibilityGlobals) = postSolution
		SolutionGuid = {E27A175C-1FE1-4BF0-AC6F-D453EE6BE201}
	EndGlobalSection
EndGlobal
